{
  "name": "191213-wordResume",
  "version": "1.0.0",
  "lockfileVersion": 1,
  "requires": true,
  "dependencies": {
    "argparse": {
      "version": "1.0.10",
      "resolved": "https://registry.npmjs.org/argparse/-/argparse-1.0.10.tgz",
      "integrity": "sha512-o5Roy6tNG4SL/FOkCAN6RzjiakZS25RLYFrcMttJqbdd8BWrnA+fGz57iN5Pb06pvBGvl5gQ0B48dJlslXvoTg==",
      "requires": {
        "sprintf-js": "~1.0.2"
      }
    },
    "commander": {
      "version": "1.0.0",
      "resolved": "https://registry.npmjs.org/commander/-/commander-1.0.0.tgz",
      "integrity": "sha1-XmqI5wcP9ZCINurRkWlUjDD5C80="
    },
    "dateformat": {
      "version": "3.0.3",
      "resolved": "https://registry.npmjs.org/dateformat/-/dateformat-3.0.3.tgz",
      "integrity": "sha512-jyCETtSl3VMZMWeRo7iY1FL19ges1t55hMo5yaam4Jrsm5EPL89UQkoQRyiI+Yf4k8r2ZpdngkV8hr1lIdjb3Q=="
    },
    "docxtemplater": {
      "version": "3.15.2",
      "resolved": "https://registry.npmjs.org/docxtemplater/-/docxtemplater-3.15.2.tgz",
      "integrity": "sha512-wW4rYEqNidOtcWRis9jsNtx57WH9xPiP5PPXGQ3PYwcjyLBrSVo4Eq13LbS8wUlu+Ql/S0PTJrUTe1RCI3hoqg==",
      "requires": {
        "xmldom": "^0.1.27"
      }
    },
    "esprima": {
      "version": "4.0.1",
      "resolved": "https://registry.npmjs.org/esprima/-/esprima-4.0.1.tgz",
      "integrity": "sha512-eGuFFw7Upda+g4p+QHvnW0RyTX/SVeJBDM/gCtMARO0cLuT2HcEKnTPvhjV6aGeqrCB/sbNop0Kszm0jsaWU4A=="
    },
    "js-yaml": {
      "version": "3.13.1",
      "resolved": "https://registry.npmjs.org/js-yaml/-/js-yaml-3.13.1.tgz",
      "integrity": "sha512-YfbcO7jXDdyj0DGxYVSlSeQNHbD7XPWvrVWeVUujrQEoZzWJIRrCPoyk6kL6IAjAG2IolMK4T0hNUe0HOUs5Jw==",
      "requires": {
        "argparse": "^1.0.7",
        "esprima": "^4.0.0"
      }
    },
    "pako": {
      "version": "1.0.10",
      "resolved": "https://registry.npmjs.org/pako/-/pako-1.0.10.tgz",
      "integrity": "sha512-0DTvPVU3ed8+HNXOu5Bs+o//Mbdj9VNQMUOe9oKCwh8l0GNwpTDMKCWbRjgtD291AWnkAgkqA/LOnQS8AmS1tw=="
    },
    "pizzip": {
      "version": "3.0.6",
      "resolved": "https://registry.npmjs.org/pizzip/-/pizzip-3.0.6.tgz",
      "integrity": "sha512-CYmQJQ6ShNhScp2zrpGetRfamQ2CtUdsfcXaauqsQ0h/HVdQTTlHNUaNzMO0i+l8XTNctHJ6PrmFP+YZoF4iZw==",
      "requires": {
        "pako": "~1.0.2"
      }
    },
    "sprintf-js": {
      "version": "1.0.3",
      "resolved": "https://registry.npmjs.org/sprintf-js/-/sprintf-js-1.0.3.tgz",
      "integrity": "sha1-BOaSb2YolTVPPdAVIDYzuFcpfiw="
    },
    "xmldom": {
      "version": "0.1.27",
      "resolved": "https://registry.npmjs.org/xmldom/-/xmldom-0.1.27.tgz",
      "integrity": "sha1-1QH5ezvbQDr4757MIFcxh6rawOk="
    },
    "yaml-front-matter": {
      "version": "4.0.0",
      "resolved": "https://registry.npmjs.org/yaml-front-matter/-/yaml-front-matter-4.0.0.tgz",
      "integrity": "sha1-EcN4xU6sMGGoLLr2k6abTkxE9IQ=",
      "requires": {
        "commander": "1.0.0",
        "js-yaml": "^3.10.0"
      }
    }
  }
}
